// !$*UTF8*$!
{
	archiveVersion = 1;
	classes = {
	};
	objectVersion = 50;
	objects = {

/* Begin PBXBuildFile section */
		BA54DF7E61EE3CE54B6CA76B /* Pods_ToDoList.framework in Frameworks */ = {isa = PBXBuildFile; fileRef = 674B08DDAC3A75A4E08422C2 /* Pods_ToDoList.framework */; };
		E84D6ED820D7D41B006EBBA2 /* Trash Icon.png in Resources */ = {isa = PBXBuildFile; fileRef = E84D6ED720D7D41B006EBBA2 /* Trash Icon.png */; };
		E84D6EDA20D7EDC5006EBBA2 /* SwipeTableViewController.swift in Sources */ = {isa = PBXBuildFile; fileRef = E84D6ED920D7EDC5006EBBA2 /* SwipeTableViewController.swift */; };
		E855C58020D23DE5007884BA /* AppDelegate.swift in Sources */ = {isa = PBXBuildFile; fileRef = E855C57F20D23DE5007884BA /* AppDelegate.swift */; };
		E855C58220D23DE5007884BA /* ToDoListViewController.swift in Sources */ = {isa = PBXBuildFile; fileRef = E855C58120D23DE5007884BA /* ToDoListViewController.swift */; };
		E855C58520D23DE5007884BA /* Main.storyboard in Resources */ = {isa = PBXBuildFile; fileRef = E855C58320D23DE5007884BA /* Main.storyboard */; };
		E855C58720D23DEB007884BA /* Assets.xcassets in Resources */ = {isa = PBXBuildFile; fileRef = E855C58620D23DEB007884BA /* Assets.xcassets */; };
		E855C58A20D23DEB007884BA /* LaunchScreen.storyboard in Resources */ = {isa = PBXBuildFile; fileRef = E855C58820D23DEB007884BA /* LaunchScreen.storyboard */; };
		E8F44FB820D3BA4500BA58E9 /* DataModel.xcdatamodeld in Sources */ = {isa = PBXBuildFile; fileRef = E8F44FB620D3BA4500BA58E9 /* DataModel.xcdatamodeld */; };
		E8F74AC020D3F4BC00215AF3 /* CatagoryViewController.swift in Sources */ = {isa = PBXBuildFile; fileRef = E8F74ABF20D3F4BC00215AF3 /* CatagoryViewController.swift */; };
/* End PBXBuildFile section */

/* Begin PBXFileReference section */
		07BFE40E1CE87EEEAAE9A7B9 /* Pods-ToDoList.debug.xcconfig */ = {isa = PBXFileReference; includeInIndex = 1; lastKnownFileType = text.xcconfig; name = "Pods-ToDoList.debug.xcconfig"; path = "Pods/Target Support Files/Pods-ToDoList/Pods-ToDoList.debug.xcconfig"; sourceTree = "<group>"; };
		0D847CA51AA40653D74D3490 /* Pods-ToDoList.release.xcconfig */ = {isa = PBXFileReference; includeInIndex = 1; lastKnownFileType = text.xcconfig; name = "Pods-ToDoList.release.xcconfig"; path = "Pods/Target Support Files/Pods-ToDoList/Pods-ToDoList.release.xcconfig"; sourceTree = "<group>"; };
		674B08DDAC3A75A4E08422C2 /* Pods_ToDoList.framework */ = {isa = PBXFileReference; explicitFileType = wrapper.framework; includeInIndex = 0; path = Pods_ToDoList.framework; sourceTree = BUILT_PRODUCTS_DIR; };
		E84D6ED720D7D41B006EBBA2 /* Trash Icon.png */ = {isa = PBXFileReference; lastKnownFileType = image.png; path = "Trash Icon.png"; sourceTree = "<group>"; };
		E84D6ED920D7EDC5006EBBA2 /* SwipeTableViewController.swift */ = {isa = PBXFileReference; lastKnownFileType = sourcecode.swift; path = SwipeTableViewController.swift; sourceTree = "<group>"; };
		E855C57C20D23DE5007884BA /* ToDoList.app */ = {isa = PBXFileReference; explicitFileType = wrapper.application; includeInIndex = 0; path = ToDoList.app; sourceTree = BUILT_PRODUCTS_DIR; };
		E855C57F20D23DE5007884BA /* AppDelegate.swift */ = {isa = PBXFileReference; lastKnownFileType = sourcecode.swift; path = AppDelegate.swift; sourceTree = "<group>"; };
		E855C58120D23DE5007884BA /* ToDoListViewController.swift */ = {isa = PBXFileReference; lastKnownFileType = sourcecode.swift; path = ToDoListViewController.swift; sourceTree = "<group>"; };
		E855C58420D23DE5007884BA /* Base */ = {isa = PBXFileReference; lastKnownFileType = file.storyboard; name = Base; path = Base.lproj/Main.storyboard; sourceTree = "<group>"; };
		E855C58620D23DEB007884BA /* Assets.xcassets */ = {isa = PBXFileReference; lastKnownFileType = folder.assetcatalog; path = Assets.xcassets; sourceTree = "<group>"; };
		E855C58920D23DEB007884BA /* Base */ = {isa = PBXFileReference; lastKnownFileType = file.storyboard; name = Base; path = Base.lproj/LaunchScreen.storyboard; sourceTree = "<group>"; };
		E855C58B20D23DEB007884BA /* Info.plist */ = {isa = PBXFileReference; lastKnownFileType = text.plist.xml; path = Info.plist; sourceTree = "<group>"; };
		E8F44FB720D3BA4500BA58E9 /* DataModel.xcdatamodel */ = {isa = PBXFileReference; lastKnownFileType = wrapper.xcdatamodel; path = DataModel.xcdatamodel; sourceTree = "<group>"; };
		E8F74ABF20D3F4BC00215AF3 /* CatagoryViewController.swift */ = {isa = PBXFileReference; lastKnownFileType = sourcecode.swift; path = CatagoryViewController.swift; sourceTree = "<group>"; };
/* End PBXFileReference section */

/* Begin PBXFrameworksBuildPhase section */
		E855C57920D23DE5007884BA /* Frameworks */ = {
			isa = PBXFrameworksBuildPhase;
			buildActionMask = 2147483647;
			files = (
				BA54DF7E61EE3CE54B6CA76B /* Pods_ToDoList.framework in Frameworks */,
			);
			runOnlyForDeploymentPostprocessing = 0;
		};
/* End PBXFrameworksBuildPhase section */

/* Begin PBXGroup section */
		24D1343A7875562A68A35ADF /* Frameworks */ = {
			isa = PBXGroup;
			children = (
				674B08DDAC3A75A4E08422C2 /* Pods_ToDoList.framework */,
			);
			name = Frameworks;
			sourceTree = "<group>";
		};
		4472FB34FCF531EA1C4A59D3 /* Pods */ = {
			isa = PBXGroup;
			children = (
				07BFE40E1CE87EEEAAE9A7B9 /* Pods-ToDoList.debug.xcconfig */,
				0D847CA51AA40653D74D3490 /* Pods-ToDoList.release.xcconfig */,
			);
			name = Pods;
			sourceTree = "<group>";
		};
		E855C57320D23DE5007884BA = {
			isa = PBXGroup;
			children = (
				E855C57E20D23DE5007884BA /* ToDoList */,
				E855C57D20D23DE5007884BA /* Products */,
				4472FB34FCF531EA1C4A59D3 /* Pods */,
				24D1343A7875562A68A35ADF /* Frameworks */,
			);
			sourceTree = "<group>";
		};
		E855C57D20D23DE5007884BA /* Products */ = {
			isa = PBXGroup;
			children = (
				E855C57C20D23DE5007884BA /* ToDoList.app */,
			);
			name = Products;
			sourceTree = "<group>";
		};
		E855C57E20D23DE5007884BA /* ToDoList */ = {
			isa = PBXGroup;
			children = (
				E855C57F20D23DE5007884BA /* AppDelegate.swift */,
				E855C59620D2879C007884BA /* Controllers */,
				E855C59420D28779007884BA /* View */,
				E855C59320D28766007884BA /* Model */,
				E855C59520D28789007884BA /* Supporting Files */,
				E855C58B20D23DEB007884BA /* Info.plist */,
			);
			path = ToDoList;
			sourceTree = "<group>";
		};
		E855C59320D28766007884BA /* Model */ = {
			isa = PBXGroup;
			children = (
				E8F44FB620D3BA4500BA58E9 /* DataModel.xcdatamodeld */,
			);
			path = Model;
			sourceTree = "<group>";
		};
		E855C59420D28779007884BA /* View */ = {
			isa = PBXGroup;
			children = (
				E855C58320D23DE5007884BA /* Main.storyboard */,
			);
			path = View;
			sourceTree = "<group>";
		};
		E855C59520D28789007884BA /* Supporting Files */ = {
			isa = PBXGroup;
			children = (
				E855C58620D23DEB007884BA /* Assets.xcassets */,
				E84D6ED720D7D41B006EBBA2 /* Trash Icon.png */,
				E855C58820D23DEB007884BA /* LaunchScreen.storyboard */,
			);
			path = "Supporting Files";
			sourceTree = "<group>";
		};
		E855C59620D2879C007884BA /* Controllers */ = {
			isa = PBXGroup;
			children = (
				E8F74ABF20D3F4BC00215AF3 /* CatagoryViewController.swift */,
				E855C58120D23DE5007884BA /* ToDoListViewController.swift */,
				E84D6ED920D7EDC5006EBBA2 /* SwipeTableViewController.swift */,
			);
			path = Controllers;
			sourceTree = "<group>";
		};
/* End PBXGroup section */

/* Begin PBXNativeTarget section */
		E855C57B20D23DE5007884BA /* ToDoList */ = {
			isa = PBXNativeTarget;
			buildConfigurationList = E855C58E20D23DEB007884BA /* Build configuration list for PBXNativeTarget "ToDoList" */;
			buildPhases = (
				6A42D6B11ADD76E6FA5B2BAF /* [CP] Check Pods Manifest.lock */,
				E855C57820D23DE5007884BA /* Sources */,
				E855C57920D23DE5007884BA /* Frameworks */,
				E855C57A20D23DE5007884BA /* Resources */,
				0CD180D2EA45B9E333CE0BB2 /* [CP] Embed Pods Frameworks */,
			);
			buildRules = (
			);
			dependencies = (
			);
			name = ToDoList;
			productName = ToDoList;
			productReference = E855C57C20D23DE5007884BA /* ToDoList.app */;
			productType = "com.apple.product-type.application";
		};
/* End PBXNativeTarget section */

/* Begin PBXProject section */
		E855C57420D23DE5007884BA /* Project object */ = {
			isa = PBXProject;
			attributes = {
				LastSwiftUpdateCheck = 0930;
				LastUpgradeCheck = 0930;
				ORGANIZATIONNAME = "Utkarsh Sharma";
				TargetAttributes = {
					E855C57B20D23DE5007884BA = {
						CreatedOnToolsVersion = 9.3;
					};
				};
			};
			buildConfigurationList = E855C57720D23DE5007884BA /* Build configuration list for PBXProject "ToDoList" */;
			compatibilityVersion = "Xcode 9.3";
			developmentRegion = en;
			hasScannedForEncodings = 0;
			knownRegions = (
				en,
				Base,
			);
			mainGroup = E855C57320D23DE5007884BA;
			productRefGroup = E855C57D20D23DE5007884BA /* Products */;
			projectDirPath = "";
			projectRoot = "";
			targets = (
				E855C57B20D23DE5007884BA /* ToDoList */,
			);
		};
/* End PBXProject section */

/* Begin PBXResourcesBuildPhase section */
		E855C57A20D23DE5007884BA /* Resources */ = {
			isa = PBXResourcesBuildPhase;
			buildActionMask = 2147483647;
			files = (
				E84D6ED820D7D41B006EBBA2 /* Trash Icon.png in Resources */,
				E855C58A20D23DEB007884BA /* LaunchScreen.storyboard in Resources */,
				E855C58720D23DEB007884BA /* Assets.xcassets in Resources */,
				E855C58520D23DE5007884BA /* Main.storyboard in Resources */,
			);
			runOnlyForDeploymentPostprocessing = 0;
		};
/* End PBXResourcesBuildPhase section */

/* Begin PBXShellScriptBuildPhase section */
		0CD180D2EA45B9E333CE0BB2 /* [CP] Embed Pods Frameworks */ = {
			isa = PBXShellScriptBuildPhase;
			buildActionMask = 2147483647;
			files = (
			);
			inputPaths = (
				"${SRCROOT}/Pods/Target Support Files/Pods-ToDoList/Pods-ToDoList-frameworks.sh",
				"${BUILT_PRODUCTS_DIR}/ChameleonFramework/ChameleonFramework.framework",
				"${BUILT_PRODUCTS_DIR}/SwipeCellKit/SwipeCellKit.framework",
			);
			name = "[CP] Embed Pods Frameworks";
			outputPaths = (
				"${TARGET_BUILD_DIR}/${FRAMEWORKS_FOLDER_PATH}/ChameleonFramework.framework",
				"${TARGET_BUILD_DIR}/${FRAMEWORKS_FOLDER_PATH}/SwipeCellKit.framework",
			);
			runOnlyForDeploymentPostprocessing = 0;
			shellPath = /bin/sh;
			shellScript = "\"${SRCROOT}/Pods/Target Support Files/Pods-ToDoList/Pods-ToDoList-frameworks.sh\"\n";
			showEnvVarsInLog = 0;
		};
		6A42D6B11ADD76E6FA5B2BAF /* [CP] Check Pods Manifest.lock */ = {
			isa = PBXShellScriptBuildPhase;
			buildActionMask = 2147483647;
			files = (
			);
			inputPaths = (
				"${PODS_PODFILE_DIR_PATH}/Podfile.lock",
				"${PODS_ROOT}/Manifest.lock",
			);
			name = "[CP] Check Pods Manifest.lock";
			outputPaths = (
				"$(DERIVED_FILE_DIR)/Pods-ToDoList-checkManifestLockResult.txt",
			);
			runOnlyForDeploymentPostprocessing = 0;
			shellPath = /bin/sh;
			shellScript = "diff \"${PODS_PODFILE_DIR_PATH}/Podfile.lock\" \"${PODS_ROOT}/Manifest.lock\" > /dev/null\nif [ $? != 0 ] ; then\n    # print error to STDERR\n    echo \"error: The sandbox is not in sync with the Podfile.lock. Run 'pod install' or update your CocoaPods installation.\" >&2\n    exit 1\nfi\n# This output is used by Xcode 'outputs' to avoid re-running this script phase.\necho \"SUCCESS\" > \"${SCRIPT_OUTPUT_FILE_0}\"\n";
			showEnvVarsInLog = 0;
		};
/* End PBXShellScriptBuildPhase section */

/* Begin PBXSourcesBuildPhase section */
		E855C57820D23DE5007884BA /* Sources */ = {
			isa = PBXSourcesBuildPhase;
			buildActionMask = 2147483647;
			files = (
				E8F74AC020D3F4BC00215AF3 /* CatagoryViewController.swift in Sources */,
				E855C58220D23DE5007884BA /* ToDoListViewController.swift in Sources */,
				E8F44FB820D3BA4500BA58E9 /* DataModel.xcdatamodeld in Sources */,
				E855C58020D23DE5007884BA /* AppDelegate.swift in Sources */,
				E84D6EDA20D7EDC5006EBBA2 /* SwipeTableViewController.swift in Sources */,
			);
			runOnlyForDeploymentPostprocessing = 0;
		};
/* End PBXSourcesBuildPhase section */

/* Begin PBXVariantGroup section */
		E855C58320D23DE5007884BA /* Main.storyboard */ = {
			isa = PBXVariantGroup;
			children = (
				E855C58420D23DE5007884BA /* Base */,
			);
			name = Main.storyboard;
			sourceTree = "<group>";
		};
		E855C58820D23DEB007884BA /* LaunchScreen.storyboard */ = {
			isa = PBXVariantGroup;
			children = (
				E855C58920D23DEB007884BA /* Base */,
			);
			name = LaunchScreen.storyboard;
			sourceTree = "<group>";
		};
/* End PBXVariantGroup section */

/* Begin XCBuildConfiguration section */
		E855C58C20D23DEB007884BA /* Debug */ = {
			isa = XCBuildConfiguration;
			buildSettings = {
				ALWAYS_SEARCH_USER_PATHS = NO;
				CLANG_ANALYZER_NONNULL = YES;
				CLANG_ANALYZER_NUMBER_OBJECT_CONVERSION = YES_AGGRESSIVE;
				CLANG_CXX_LANGUAGE_STANDARD = "gnu++14";
				CLANG_CXX_LIBRARY = "libc++";
				CLANG_ENABLE_MODULES = YES;
				CLANG_ENABLE_OBJC_ARC = YES;
				CLANG_ENABLE_OBJC_WEAK = YES;
				CLANG_WARN_BLOCK_CAPTURE_AUTORELEASING = YES;
				CLANG_WARN_BOOL_CONVERSION = YES;
				CLANG_WARN_COMMA = YES;
				CLANG_WARN_CONSTANT_CONVERSION = YES;
				CLANG_WARN_DEPRECATED_OBJC_IMPLEMENTATIONS = YES;
				CLANG_WARN_DIRECT_OBJC_ISA_USAGE = YES_ERROR;
				CLANG_WARN_DOCUMENTATION_COMMENTS = YES;
				CLANG_WARN_EMPTY_BODY = YES;
				CLANG_WARN_ENUM_CONVERSION = YES;
				CLANG_WARN_INFINITE_RECURSION = YES;
				CLANG_WARN_INT_CONVERSION = YES;
				CLANG_WARN_NON_LITERAL_NULL_CONVERSION = YES;
				CLANG_WARN_OBJC_IMPLICIT_RETAIN_SELF = YES;
				CLANG_WARN_OBJC_LITERAL_CONVERSION = YES;
				CLANG_WARN_OBJC_ROOT_CLASS = YES_ERROR;
				CLANG_WARN_RANGE_LOOP_ANALYSIS = YES;
				CLANG_WARN_STRICT_PROTOTYPES = YES;
				CLANG_WARN_SUSPICIOUS_MOVE = YES;
				CLANG_WARN_UNGUARDED_AVAILABILITY = YES_AGGRESSIVE;
				CLANG_WARN_UNREACHABLE_CODE = YES;
				CLANG_WARN__DUPLICATE_METHOD_MATCH = YES;
				CODE_SIGN_IDENTITY = "iPhone Developer";
				COPY_PHASE_STRIP = NO;
				DEBUG_INFORMATION_FORMAT = dwarf;
				ENABLE_STRICT_OBJC_MSGSEND = YES;
				ENABLE_TESTABILITY = YES;
				GCC_C_LANGUAGE_STANDARD = gnu11;
				GCC_DYNAMIC_NO_PIC = NO;
				GCC_NO_COMMON_BLOCKS = YES;
				GCC_OPTIMIZATION_LEVEL = 0;
				GCC_PREPROCESSOR_DEFINITIONS = (
					"DEBUG=1",
					"$(inherited)",
				);
				GCC_WARN_64_TO_32_BIT_CONVERSION = YES;
				GCC_WARN_ABOUT_RETURN_TYPE = YES_ERROR;
				GCC_WARN_UNDECLARED_SELECTOR = YES;
				GCC_WARN_UNINITIALIZED_AUTOS = YES_AGGRESSIVE;
				GCC_WARN_UNUSED_FUNCTION = YES;
				GCC_WARN_UNUSED_VARIABLE = YES;
				IPHONEOS_DEPLOYMENT_TARGET = 11.3;
				MTL_ENABLE_DEBUG_INFO = YES;
				ONLY_ACTIVE_ARCH = YES;
				SDKROOT = iphoneos;
				SWIFT_ACTIVE_COMPILATION_CONDITIONS = DEBUG;
				SWIFT_OPTIMIZATION_LEVEL = "-Onone";
			};
			name = Debug;
		};
		E855C58D20D23DEB007884BA /* Release */ = {
			isa = XCBuildConfiguration;
			buildSettings = {
				ALWAYS_SEARCH_USER_PATHS = NO;
				CLANG_ANALYZER_NONNULL = YES;
				CLANG_ANALYZER_NUMBER_OBJECT_CONVERSION = YES_AGGRESSIVE;
				CLANG_CXX_LANGUAGE_STANDARD = "gnu++14";
				CLANG_CXX_LIBRARY = "libc++";
				CLANG_ENABLE_MODULES = YES;
				CLANG_ENABLE_OBJC_ARC = YES;
				CLANG_ENABLE_OBJC_WEAK = YES;
				CLANG_WARN_BLOCK_CAPTURE_AUTORELEASING = YES;
				CLANG_WARN_BOOL_CONVERSION = YES;
				CLANG_WARN_COMMA = YES;
				CLANG_WARN_CONSTANT_CONVERSION = YES;
				CLANG_WARN_DEPRECATED_OBJC_IMPLEMENTATIONS = YES;
				CLANG_WARN_DIRECT_OBJC_ISA_USAGE = YES_ERROR;
				CLANG_WARN_DOCUMENTATION_COMMENTS = YES;
				CLANG_WARN_EMPTY_BODY = YES;
				CLANG_WARN_ENUM_CONVERSION = YES;
				CLANG_WARN_INFINITE_RECURSION = YES;
				CLANG_WARN_INT_CONVERSION = YES;
				CLANG_WARN_NON_LITERAL_NULL_CONVERSION = YES;
				CLANG_WARN_OBJC_IMPLICIT_RETAIN_SELF = YES;
				CLANG_WARN_OBJC_LITERAL_CONVERSION = YES;
				CLANG_WARN_OBJC_ROOT_CLASS = YES_ERROR;
				CLANG_WARN_RANGE_LOOP_ANALYSIS = YES;
				CLANG_WARN_STRICT_PROTOTYPES = YES;
				CLANG_WARN_SUSPICIOUS_MOVE = YES;
				CLANG_WARN_UNGUARDED_AVAILABILITY = YES_AGGRESSIVE;
				CLANG_WARN_UNREACHABLE_CODE = YES;
				CLANG_WARN__DUPLICATE_METHOD_MATCH = YES;
				CODE_SIGN_IDENTITY = "iPhone Developer";
				COPY_PHASE_STRIP = NO;
				DEBUG_INFORMATION_FORMAT = "dwarf-with-dsym";
				ENABLE_NS_ASSERTIONS = NO;
				ENABLE_STRICT_OBJC_MSGSEND = YES;
				GCC_C_LANGUAGE_STANDARD = gnu11;
				GCC_NO_COMMON_BLOCKS = YES;
				GCC_WARN_64_TO_32_BIT_CONVERSION = YES;
				GCC_WARN_ABOUT_RETURN_TYPE = YES_ERROR;
				GCC_WARN_UNDECLARED_SELECTOR = YES;
				GCC_WARN_UNINITIALIZED_AUTOS = YES_AGGRESSIVE;
				GCC_WARN_UNUSED_FUNCTION = YES;
				GCC_WARN_UNUSED_VARIABLE = YES;
				IPHONEOS_DEPLOYMENT_TARGET = 11.3;
				MTL_ENABLE_DEBUG_INFO = NO;
				SDKROOT = iphoneos;
				SWIFT_COMPILATION_MODE = wholemodule;
				SWIFT_OPTIMIZATION_LEVEL = "-O";
				VALIDATE_PRODUCT = YES;
			};
			name = Release;
		};
		E855C58F20D23DEB007884BA /* Debug */ = {
			isa = XCBuildConfiguration;
			baseConfigurationReference = 07BFE40E1CE87EEEAAE9A7B9 /* Pods-ToDoList.debug.xcconfig */;
			buildSettings = {
				ASSETCATALOG_COMPILER_APPICON_NAME = AppIcon;
				CODE_SIGN_STYLE = Automatic;
				INFOPLIST_FILE = ToDoList/Info.plist;
				LD_RUNPATH_SEARCH_PATHS = (
					"$(inherited)",
					"@executable_path/Frameworks",
				);
				PRODUCT_BUNDLE_IDENTIFIER = com.solutionanalysts.ToDoList;
				PRODUCT_NAME = "$(TARGET_NAME)";
				SWIFT_VERSION = 4.0;
				TARGETED_DEVICE_FAMILY = "1,2";
			};
			name = Debug;
		};
		E855C59020D23DEB007884BA /* Release */ = {
			isa = XCBuildConfiguration;
			baseConfigurationReference = 0D847CA51AA40653D74D3490 /* Pods-ToDoList.release.xcconfig */;
			buildSettings = {
				ASSETCATALOG_COMPILER_APPICON_NAME = AppIcon;
				CODE_SIGN_STYLE = Automatic;
				INFOPLIST_FILE = ToDoList/Info.plist;
				LD_RUNPATH_SEARCH_PATHS = (
					"$(inherited)",
					"@executable_path/Frameworks",
				);
				PRODUCT_BUNDLE_IDENTIFIER = com.solutionanalysts.ToDoList;
				PRODUCT_NAME = "$(TARGET_NAME)";
				SWIFT_VERSION = 4.0;
				TARGETED_DEVICE_FAMILY = "1,2";
			};
			name = Release;
		};
/* End XCBuildConfiguration section */

/* Begin XCConfigurationList section */
		E855C57720D23DE5007884BA /* Build configuration list for PBXProject "ToDoList" */ = {
			isa = XCConfigurationList;
			buildConfigurations = (
				E855C58C20D23DEB007884BA /* Debug */,
				E855C58D20D23DEB007884BA /* Release */,
			);
			defaultConfigurationIsVisible = 0;
			defaultConfigurationName = Release;
		};
		E855C58E20D23DEB007884BA /* Build configuration list for PBXNativeTarget "ToDoList" */ = {
			isa = XCConfigurationList;
			buildConfigurations = (
				E855C58F20D23DEB007884BA /* Debug */,
				E855C59020D23DEB007884BA /* Release */,
			);
			defaultConfigurationIsVisible = 0;
			defaultConfigurationName = Release;
		};
/* End XCConfigurationList section */

/* Begin XCVersionGroup section */
		E8F44FB620D3BA4500BA58E9 /* DataModel.xcdatamodeld */ = {
			isa = XCVersionGroup;
			children = (
				E8F44FB720D3BA4500BA58E9 /* DataModel.xcdatamodel */,
			);
			currentVersion = E8F44FB720D3BA4500BA58E9 /* DataModel.xcdatamodel */;
			path = DataModel.xcdatamodeld;
			sourceTree = "<group>";
			versionGroupType = wrapper.xcdatamodel;
		};
/* End XCVersionGroup section */
	};
	rootObject = E855C57420D23DE5007884BA /* Project object */;
}
